
Microsoft Visual Studio Solution File, Format Version 12.00
# Visual Studio Version 17
VisualStudioVersion = 17.5.002.0
MinimumVisualStudioVersion = 10.0.40219.1
Project("{9A19103F-16F7-4668-BE54-9A1E7A4F7556}") = "backend", "backend\backend.csproj", "{18D1E0D4-6BF0-4A6A-A968-98E8CE0BC2DD}"
EndProject
Global
	GlobalSection(SolutionConfigurationPlatforms) = preSolution
		Debug|Any CPU = Debug|Any CPU
		Release|Any CPU = Release|Any CPU
	EndGlobalSection
	GlobalSection(ProjectConfigurationPlatforms) = postSolution
		{18D1E0D4-6BF0-4A6A-A968-98E8CE0BC2DD}.Debug|Any CPU.ActiveCfg = Debug|Any CPU
		{18D1E0D4-6BF0-4A6A-A968-98E8CE0BC2DD}.Debug|Any CPU.Build.0 = Debug|Any CPU
		{18D1E0D4-6BF0-4A6A-A968-98E8CE0BC2DD}.Release|Any CPU.ActiveCfg = Release|Any CPU
		{18D1E0D4-6BF0-4A6A-A968-98E8CE0BC2DD}.Release|Any CPU.Build.0 = Release|Any CPU
	EndGlobalSection
	GlobalSection(SolutionProperties) = preSolution
		HideSolutionNode = FALSE
	EndGlobalSection
	GlobalSection(ExtensibilityGlobals) = postSolution
		SolutionGuid = {BC884228-4259-4C4E-9B7C-4227CCA05996}
	EndGlobalSection
EndGlobal
